
Microsoft Visual Studio Solution File, Format Version 12.00
# Visual Studio Version 17
VisualStudioVersion = 17.0.31912.275
MinimumVisualStudioVersion = 10.0.40219.1
Project("{9A19103F-16F7-4668-BE54-9A1E7A4F7556}") = "application", "Api.Application\application.csproj", "{A345B4FA-D24B-4640-8FCB-9A68866AE045}"
EndProject
Project("{9A19103F-16F7-4668-BE54-9A1E7A4F7556}") = "Domain", "Api.Domain\Domain.csproj", "{DE4C1067-B7AA-4379-9EA7-5099829832A7}"
EndProject
Project("{9A19103F-16F7-4668-BE54-9A1E7A4F7556}") = "CrossCutting", "Api.CrossCutting\CrossCutting.csproj", "{2FA2F461-C965-445C-8066-B9D5AFE43D5C}"
EndProject
Project("{9A19103F-16F7-4668-BE54-9A1E7A4F7556}") = "Data", "Api.Data\Data.csproj", "{1D8EFF2D-C963-4288-844F-39445CE0CC0B}"
EndProject
Project("{9A19103F-16F7-4668-BE54-9A1E7A4F7556}") = "Service", "Api.Service\Service.csproj", "{D0202B13-3E48-47FF-9EB3-E0758EC14F76}"
EndProject
Project("{9A19103F-16F7-4668-BE54-9A1E7A4F7556}") = "Api.Data.Test", "Api.Data.Test\Api.Data.Test.csproj", "{697F6906-455E-4DC1-8538-8C60A62595BC}"
EndProject
Project("{9A19103F-16F7-4668-BE54-9A1E7A4F7556}") = "Api.Service.Test", "Api.Service.Test\Api.Service.Test.csproj", "{6EDBAD9B-E734-40C0-8E54-54EF927F1E5A}"
EndProject
Project("{9A19103F-16F7-4668-BE54-9A1E7A4F7556}") = "Api.Application.Test", "Api.Application.Test\Api.Application.Test.csproj", "{1CDD6129-9B9D-4A84-A83D-9EAEE2EFC01E}"
EndProject
Global
	GlobalSection(SolutionConfigurationPlatforms) = preSolution
		Debug|Any CPU = Debug|Any CPU
		Debug|x64 = Debug|x64
		Debug|x86 = Debug|x86
		Release|Any CPU = Release|Any CPU
		Release|x64 = Release|x64
		Release|x86 = Release|x86
	EndGlobalSection
	GlobalSection(ProjectConfigurationPlatforms) = postSolution
		{A345B4FA-D24B-4640-8FCB-9A68866AE045}.Debug|Any CPU.ActiveCfg = Debug|Any CPU
		{A345B4FA-D24B-4640-8FCB-9A68866AE045}.Debug|Any CPU.Build.0 = Debug|Any CPU
		{A345B4FA-D24B-4640-8FCB-9A68866AE045}.Debug|x64.ActiveCfg = Debug|Any CPU
		{A345B4FA-D24B-4640-8FCB-9A68866AE045}.Debug|x64.Build.0 = Debug|Any CPU
		{A345B4FA-D24B-4640-8FCB-9A68866AE045}.Debug|x86.ActiveCfg = Debug|Any CPU
		{A345B4FA-D24B-4640-8FCB-9A68866AE045}.Debug|x86.Build.0 = Debug|Any CPU
		{A345B4FA-D24B-4640-8FCB-9A68866AE045}.Release|Any CPU.ActiveCfg = Release|Any CPU
		{A345B4FA-D24B-4640-8FCB-9A68866AE045}.Release|Any CPU.Build.0 = Release|Any CPU
		{A345B4FA-D24B-4640-8FCB-9A68866AE045}.Release|x64.ActiveCfg = Release|Any CPU
		{A345B4FA-D24B-4640-8FCB-9A68866AE045}.Release|x64.Build.0 = Release|Any CPU
		{A345B4FA-D24B-4640-8FCB-9A68866AE045}.Release|x86.ActiveCfg = Release|Any CPU
		{A345B4FA-D24B-4640-8FCB-9A68866AE045}.Release|x86.Build.0 = Release|Any CPU
		{DE4C1067-B7AA-4379-9EA7-5099829832A7}.Debug|Any CPU.ActiveCfg = Debug|Any CPU
		{DE4C1067-B7AA-4379-9EA7-5099829832A7}.Debug|Any CPU.Build.0 = Debug|Any CPU
		{DE4C1067-B7AA-4379-9EA7-5099829832A7}.Debug|x64.ActiveCfg = Debug|Any CPU
		{DE4C1067-B7AA-4379-9EA7-5099829832A7}.Debug|x64.Build.0 = Debug|Any CPU
		{DE4C1067-B7AA-4379-9EA7-5099829832A7}.Debug|x86.ActiveCfg = Debug|Any CPU
		{DE4C1067-B7AA-4379-9EA7-5099829832A7}.Debug|x86.Build.0 = Debug|Any CPU
		{DE4C1067-B7AA-4379-9EA7-5099829832A7}.Release|Any CPU.ActiveCfg = Release|Any CPU
		{DE4C1067-B7AA-4379-9EA7-5099829832A7}.Release|Any CPU.Build.0 = Release|Any CPU
		{DE4C1067-B7AA-4379-9EA7-5099829832A7}.Release|x64.ActiveCfg = Release|Any CPU
		{DE4C1067-B7AA-4379-9EA7-5099829832A7}.Release|x64.Build.0 = Release|Any CPU
		{DE4C1067-B7AA-4379-9EA7-5099829832A7}.Release|x86.ActiveCfg = Release|Any CPU
		{DE4C1067-B7AA-4379-9EA7-5099829832A7}.Release|x86.Build.0 = Release|Any CPU
		{2FA2F461-C965-445C-8066-B9D5AFE43D5C}.Debug|Any CPU.ActiveCfg = Debug|Any CPU
		{2FA2F461-C965-445C-8066-B9D5AFE43D5C}.Debug|Any CPU.Build.0 = Debug|Any CPU
		{2FA2F461-C965-445C-8066-B9D5AFE43D5C}.Debug|x64.ActiveCfg = Debug|Any CPU
		{2FA2F461-C965-445C-8066-B9D5AFE43D5C}.Debug|x64.Build.0 = Debug|Any CPU
		{2FA2F461-C965-445C-8066-B9D5AFE43D5C}.Debug|x86.ActiveCfg = Debug|Any CPU
		{2FA2F461-C965-445C-8066-B9D5AFE43D5C}.Debug|x86.Build.0 = Debug|Any CPU
		{2FA2F461-C965-445C-8066-B9D5AFE43D5C}.Release|Any CPU.ActiveCfg = Release|Any CPU
		{2FA2F461-C965-445C-8066-B9D5AFE43D5C}.Release|Any CPU.Build.0 = Release|Any CPU
		{2FA2F461-C965-445C-8066-B9D5AFE43D5C}.Release|x64.ActiveCfg = Release|Any CPU
		{2FA2F461-C965-445C-8066-B9D5AFE43D5C}.Release|x64.Build.0 = Release|Any CPU
		{2FA2F461-C965-445C-8066-B9D5AFE43D5C}.Release|x86.ActiveCfg = Release|Any CPU
		{2FA2F461-C965-445C-8066-B9D5AFE43D5C}.Release|x86.Build.0 = Release|Any CPU
		{1D8EFF2D-C963-4288-844F-39445CE0CC0B}.Debug|Any CPU.ActiveCfg = Debug|Any CPU
		{1D8EFF2D-C963-4288-844F-39445CE0CC0B}.Debug|Any CPU.Build.0 = Debug|Any CPU
		{1D8EFF2D-C963-4288-844F-39445CE0CC0B}.Debug|x64.ActiveCfg = Debug|Any CPU
		{1D8EFF2D-C963-4288-844F-39445CE0CC0B}.Debug|x64.Build.0 = Debug|Any CPU
		{1D8EFF2D-C963-4288-844F-39445CE0CC0B}.Debug|x86.ActiveCfg = Debug|Any CPU
		{1D8EFF2D-C963-4288-844F-39445CE0CC0B}.Debug|x86.Build.0 = Debug|Any CPU
		{1D8EFF2D-C963-4288-844F-39445CE0CC0B}.Release|Any CPU.ActiveCfg = Release|Any CPU
		{1D8EFF2D-C963-4288-844F-39445CE0CC0B}.Release|Any CPU.Build.0 = Release|Any CPU
		{1D8EFF2D-C963-4288-844F-39445CE0CC0B}.Release|x64.ActiveCfg = Release|Any CPU
		{1D8EFF2D-C963-4288-844F-39445CE0CC0B}.Release|x64.Build.0 = Release|Any CPU
		{1D8EFF2D-C963-4288-844F-39445CE0CC0B}.Release|x86.ActiveCfg = Release|Any CPU
		{1D8EFF2D-C963-4288-844F-39445CE0CC0B}.Release|x86.Build.0 = Release|Any CPU
		{D0202B13-3E48-47FF-9EB3-E0758EC14F76}.Debug|Any CPU.ActiveCfg = Debug|Any CPU
		{D0202B13-3E48-47FF-9EB3-E0758EC14F76}.Debug|Any CPU.Build.0 = Debug|Any CPU
		{D0202B13-3E48-47FF-9EB3-E0758EC14F76}.Debug|x64.ActiveCfg = Debug|Any CPU
		{D0202B13-3E48-47FF-9EB3-E0758EC14F76}.Debug|x64.Build.0 = Debug|Any CPU
		{D0202B13-3E48-47FF-9EB3-E0758EC14F76}.Debug|x86.ActiveCfg = Debug|Any CPU
		{D0202B13-3E48-47FF-9EB3-E0758EC14F76}.Debug|x86.Build.0 = Debug|Any CPU
		{D0202B13-3E48-47FF-9EB3-E0758EC14F76}.Release|Any CPU.ActiveCfg = Release|Any CPU
		{D0202B13-3E48-47FF-9EB3-E0758EC14F76}.Release|Any CPU.Build.0 = Release|Any CPU
		{D0202B13-3E48-47FF-9EB3-E0758EC14F76}.Release|x64.ActiveCfg = Release|Any CPU
		{D0202B13-3E48-47FF-9EB3-E0758EC14F76}.Release|x64.Build.0 = Release|Any CPU
		{D0202B13-3E48-47FF-9EB3-E0758EC14F76}.Release|x86.ActiveCfg = Release|Any CPU
		{D0202B13-3E48-47FF-9EB3-E0758EC14F76}.Release|x86.Build.0 = Release|Any CPU
		{697F6906-455E-4DC1-8538-8C60A62595BC}.Debug|Any CPU.ActiveCfg = Debug|Any CPU
		{697F6906-455E-4DC1-8538-8C60A62595BC}.Debug|Any CPU.Build.0 = Debug|Any CPU
		{697F6906-455E-4DC1-8538-8C60A62595BC}.Debug|x64.ActiveCfg = Debug|Any CPU
		{697F6906-455E-4DC1-8538-8C60A62595BC}.Debug|x64.Build.0 = Debug|Any CPU
		{697F6906-455E-4DC1-8538-8C60A62595BC}.Debug|x86.ActiveCfg = Debug|Any CPU
		{697F6906-455E-4DC1-8538-8C60A62595BC}.Debug|x86.Build.0 = Debug|Any CPU
		{697F6906-455E-4DC1-8538-8C60A62595BC}.Release|Any CPU.ActiveCfg = Release|Any CPU
		{697F6906-455E-4DC1-8538-8C60A62595BC}.Release|Any CPU.Build.0 = Release|Any CPU
		{697F6906-455E-4DC1-8538-8C60A62595BC}.Release|x64.ActiveCfg = Release|Any CPU
		{697F6906-455E-4DC1-8538-8C60A62595BC}.Release|x64.Build.0 = Release|Any CPU
		{697F6906-455E-4DC1-8538-8C60A62595BC}.Release|x86.ActiveCfg = Release|Any CPU
		{697F6906-455E-4DC1-8538-8C60A62595BC}.Release|x86.Build.0 = Release|Any CPU
		{6EDBAD9B-E734-40C0-8E54-54EF927F1E5A}.Debug|Any CPU.ActiveCfg = Debug|Any CPU
		{6EDBAD9B-E734-40C0-8E54-54EF927F1E5A}.Debug|Any CPU.Build.0 = Debug|Any CPU
		{6EDBAD9B-E734-40C0-8E54-54EF927F1E5A}.Debug|x64.ActiveCfg = Debug|Any CPU
		{6EDBAD9B-E734-40C0-8E54-54EF927F1E5A}.Debug|x64.Build.0 = Debug|Any CPU
		{6EDBAD9B-E734-40C0-8E54-54EF927F1E5A}.Debug|x86.ActiveCfg = Debug|Any CPU
		{6EDBAD9B-E734-40C0-8E54-54EF927F1E5A}.Debug|x86.Build.0 = Debug|Any CPU
		{6EDBAD9B-E734-40C0-8E54-54EF927F1E5A}.Release|Any CPU.ActiveCfg = Release|Any CPU
		{6EDBAD9B-E734-40C0-8E54-54EF927F1E5A}.Release|Any CPU.Build.0 = Release|Any CPU
		{6EDBAD9B-E734-40C0-8E54-54EF927F1E5A}.Release|x64.ActiveCfg = Release|Any CPU
		{6EDBAD9B-E734-40C0-8E54-54EF927F1E5A}.Release|x64.Build.0 = Release|Any CPU
		{6EDBAD9B-E734-40C0-8E54-54EF927F1E5A}.Release|x86.ActiveCfg = Release|Any CPU
		{6EDBAD9B-E734-40C0-8E54-54EF927F1E5A}.Release|x86.Build.0 = Release|Any CPU
		{1CDD6129-9B9D-4A84-A83D-9EAEE2EFC01E}.Debug|Any CPU.ActiveCfg = Debug|Any CPU
		{1CDD6129-9B9D-4A84-A83D-9EAEE2EFC01E}.Debug|Any CPU.Build.0 = Debug|Any CPU
		{1CDD6129-9B9D-4A84-A83D-9EAEE2EFC01E}.Debug|x64.ActiveCfg = Debug|Any CPU
		{1CDD6129-9B9D-4A84-A83D-9EAEE2EFC01E}.Debug|x64.Build.0 = Debug|Any CPU
		{1CDD6129-9B9D-4A84-A83D-9EAEE2EFC01E}.Debug|x86.ActiveCfg = Debug|Any CPU
		{1CDD6129-9B9D-4A84-A83D-9EAEE2EFC01E}.Debug|x86.Build.0 = Debug|Any CPU
		{1CDD6129-9B9D-4A84-A83D-9EAEE2EFC01E}.Release|Any CPU.ActiveCfg = Release|Any CPU
		{1CDD6129-9B9D-4A84-A83D-9EAEE2EFC01E}.Release|Any CPU.Build.0 = Release|Any CPU
		{1CDD6129-9B9D-4A84-A83D-9EAEE2EFC01E}.Release|x64.ActiveCfg = Release|Any CPU
		{1CDD6129-9B9D-4A84-A83D-9EAEE2EFC01E}.Release|x64.Build.0 = Release|Any CPU
		{1CDD6129-9B9D-4A84-A83D-9EAEE2EFC01E}.Release|x86.ActiveCfg = Release|Any CPU
		{1CDD6129-9B9D-4A84-A83D-9EAEE2EFC01E}.Release|x86.Build.0 = Release|Any CPU
	EndGlobalSection
	GlobalSection(SolutionProperties) = preSolution
		HideSolutionNode = FALSE
	EndGlobalSection
	GlobalSection(ExtensibilityGlobals) = postSolution
		SolutionGuid = {27FDADA9-182D-4F47-89A6-BC5A18DAFEFC}
	EndGlobalSection
EndGlobal
